
Microsoft Visual Studio Solution File, Format Version 12.00
# Visual Studio 2012
Project("{FAE04EC0-301F-11D3-BF4B-00C04F79EFBC}") = "CafeDiario", "CafeDiario\CafeDiario.csproj", "{E5E2C424-3B31-4747-ADED-3DF3CB974F77}"
EndProject
Project("{FAE04EC0-301F-11D3-BF4B-00C04F79EFBC}") = "Cafe.Backup", "CafeReport\Cafe.Backup.csproj", "{9B0E457F-C7C7-478E-AE1E-2CADF49F09E4}"
EndProject
Project("{FAE04EC0-301F-11D3-BF4B-00C04F79EFBC}") = "Cafe.Data", "Cafe.Data\Cafe.Data.csproj", "{E7EFB9DE-2C5F-4003-8968-92B9A73E11B7}"
EndProject
Project("{FAE04EC0-301F-11D3-BF4B-00C04F79EFBC}") = "Cafe.Json", "Cafe.Json\Cafe.Json.csproj", "{4D077918-3C59-44B8-81DB-130D04FA6834}"
EndProject
Project("{FAE04EC0-301F-11D3-BF4B-00C04F79EFBC}") = "Cafe.Restore", "Cafe.Restore\Cafe.Restore.csproj", "{B850E7A3-64BF-4C54-AF86-643ACC4797F4}"
EndProject
Project("{FAE04EC0-301F-11D3-BF4B-00C04F79EFBC}") = "Cafe.DailyReports", "Cafe.DailyReports\Cafe.DailyReports.csproj", "{85792F4A-1733-4E3F-8E72-31593217178E}"
EndProject
Project("{FAE04EC0-301F-11D3-BF4B-00C04F79EFBC}") = "Cafe.RestoreFromJsonFile", "Cafe.RestoreFromJsonFile\Cafe.RestoreFromJsonFile.csproj", "{0E68C88C-6A3D-4A52-A5DE-0163D8964C5C}"
EndProject
Global
	GlobalSection(SolutionConfigurationPlatforms) = preSolution
		Debug|Any CPU = Debug|Any CPU
		Release|Any CPU = Release|Any CPU
	EndGlobalSection
	GlobalSection(ProjectConfigurationPlatforms) = postSolution
		{E5E2C424-3B31-4747-ADED-3DF3CB974F77}.Debug|Any CPU.ActiveCfg = Debug|Any CPU
		{E5E2C424-3B31-4747-ADED-3DF3CB974F77}.Debug|Any CPU.Build.0 = Debug|Any CPU
		{E5E2C424-3B31-4747-ADED-3DF3CB974F77}.Release|Any CPU.ActiveCfg = Release|Any CPU
		{E5E2C424-3B31-4747-ADED-3DF3CB974F77}.Release|Any CPU.Build.0 = Release|Any CPU
		{9B0E457F-C7C7-478E-AE1E-2CADF49F09E4}.Debug|Any CPU.ActiveCfg = Debug|Any CPU
		{9B0E457F-C7C7-478E-AE1E-2CADF49F09E4}.Debug|Any CPU.Build.0 = Debug|Any CPU
		{9B0E457F-C7C7-478E-AE1E-2CADF49F09E4}.Release|Any CPU.ActiveCfg = Release|Any CPU
		{9B0E457F-C7C7-478E-AE1E-2CADF49F09E4}.Release|Any CPU.Build.0 = Release|Any CPU
		{E7EFB9DE-2C5F-4003-8968-92B9A73E11B7}.Debug|Any CPU.ActiveCfg = Debug|Any CPU
		{E7EFB9DE-2C5F-4003-8968-92B9A73E11B7}.Debug|Any CPU.Build.0 = Debug|Any CPU
		{E7EFB9DE-2C5F-4003-8968-92B9A73E11B7}.Release|Any CPU.ActiveCfg = Release|Any CPU
		{E7EFB9DE-2C5F-4003-8968-92B9A73E11B7}.Release|Any CPU.Build.0 = Release|Any CPU
		{4D077918-3C59-44B8-81DB-130D04FA6834}.Debug|Any CPU.ActiveCfg = Debug|Any CPU
		{4D077918-3C59-44B8-81DB-130D04FA6834}.Debug|Any CPU.Build.0 = Debug|Any CPU
		{4D077918-3C59-44B8-81DB-130D04FA6834}.Release|Any CPU.ActiveCfg = Release|Any CPU
		{4D077918-3C59-44B8-81DB-130D04FA6834}.Release|Any CPU.Build.0 = Release|Any CPU
		{B850E7A3-64BF-4C54-AF86-643ACC4797F4}.Debug|Any CPU.ActiveCfg = Debug|Any CPU
		{B850E7A3-64BF-4C54-AF86-643ACC4797F4}.Debug|Any CPU.Build.0 = Debug|Any CPU
		{B850E7A3-64BF-4C54-AF86-643ACC4797F4}.Release|Any CPU.ActiveCfg = Release|Any CPU
		{B850E7A3-64BF-4C54-AF86-643ACC4797F4}.Release|Any CPU.Build.0 = Release|Any CPU
		{85792F4A-1733-4E3F-8E72-31593217178E}.Debug|Any CPU.ActiveCfg = Debug|Any CPU
		{85792F4A-1733-4E3F-8E72-31593217178E}.Debug|Any CPU.Build.0 = Debug|Any CPU
		{85792F4A-1733-4E3F-8E72-31593217178E}.Release|Any CPU.ActiveCfg = Release|Any CPU
		{85792F4A-1733-4E3F-8E72-31593217178E}.Release|Any CPU.Build.0 = Release|Any CPU
		{0E68C88C-6A3D-4A52-A5DE-0163D8964C5C}.Debug|Any CPU.ActiveCfg = Debug|Any CPU
		{0E68C88C-6A3D-4A52-A5DE-0163D8964C5C}.Debug|Any CPU.Build.0 = Debug|Any CPU
		{0E68C88C-6A3D-4A52-A5DE-0163D8964C5C}.Release|Any CPU.ActiveCfg = Release|Any CPU
		{0E68C88C-6A3D-4A52-A5DE-0163D8964C5C}.Release|Any CPU.Build.0 = Release|Any CPU
	EndGlobalSection
	GlobalSection(SolutionProperties) = preSolution
		HideSolutionNode = FALSE
	EndGlobalSection
EndGlobal
